
Microsoft Visual Studio Solution File, Format Version 11.00
# Visual C# Express 2010
Project("{FAE04EC0-301F-11D3-BF4B-00C04F79EFBC}") = "Simple Image Resizer", "Simple Image Resizer\Simple Image Resizer.csproj", "{66A4D944-EADE-45D5-8AAF-A3DCEEAC7AFE}"
EndProject
Global
	GlobalSection(SolutionConfigurationPlatforms) = preSolution
		Debug|Any CPU = Debug|Any CPU
		Release|Any CPU = Release|Any CPU
	EndGlobalSection
	GlobalSection(ProjectConfigurationPlatforms) = postSolution
		{66A4D944-EADE-45D5-8AAF-A3DCEEAC7AFE}.Debug|Any CPU.ActiveCfg = Debug|Any CPU
		{66A4D944-EADE-45D5-8AAF-A3DCEEAC7AFE}.Debug|Any CPU.Build.0 = Debug|Any CPU
		{66A4D944-EADE-45D5-8AAF-A3DCEEAC7AFE}.Release|Any CPU.ActiveCfg = Release|Any CPU
		{66A4D944-EADE-45D5-8AAF-A3DCEEAC7AFE}.Release|Any CPU.Build.0 = Release|Any CPU
	EndGlobalSection
	GlobalSection(SolutionProperties) = preSolution
		HideSolutionNode = FALSE
	EndGlobalSection
EndGlobal
